
Microsoft Visual Studio Solution File, Format Version 12.00
# Visual Studio Version 17
VisualStudioVersion = 17.2.32630.192
MinimumVisualStudioVersion = 10.0.40219.1
Project("{FAE04EC0-301F-11D3-BF4B-00C04F79EFBC}") = "SignalR-Intro", "SignalR-Intro\SignalR-Intro.csproj", "{0496B2D9-BC00-40EA-B867-210E0210006A}"
EndProject
Global
	GlobalSection(SolutionConfigurationPlatforms) = preSolution
		Debug|Any CPU = Debug|Any CPU
		Release|Any CPU = Release|Any CPU
	EndGlobalSection
	GlobalSection(ProjectConfigurationPlatforms) = postSolution
		{0496B2D9-BC00-40EA-B867-210E0210006A}.Debug|Any CPU.ActiveCfg = Debug|Any CPU
		{0496B2D9-BC00-40EA-B867-210E0210006A}.Debug|Any CPU.Build.0 = Debug|Any CPU
		{0496B2D9-BC00-40EA-B867-210E0210006A}.Release|Any CPU.ActiveCfg = Release|Any CPU
		{0496B2D9-BC00-40EA-B867-210E0210006A}.Release|Any CPU.Build.0 = Release|Any CPU
	EndGlobalSection
	GlobalSection(SolutionProperties) = preSolution
		HideSolutionNode = FALSE
	EndGlobalSection
	GlobalSection(ExtensibilityGlobals) = postSolution
		SolutionGuid = {14291918-694D-4B22-B993-0F814138B477}
	EndGlobalSection
EndGlobal
